// !$*UTF8*$!
{
	archiveVersion = 1;
	classes = {
	};
	objectVersion = 48;
	objects = {

/* Begin PBXBuildFile section */
		AD379662203DCF96002A4C3B /* DayTitleView.swift in Sources */ = {isa = PBXBuildFile; fileRef = AD379661203DCF96002A4C3B /* DayTitleView.swift */; };
		AD379665203DFB7F002A4C3B /* SlideView.swift in Sources */ = {isa = PBXBuildFile; fileRef = AD379664203DFB7F002A4C3B /* SlideView.swift */; };
		AD7ED5A8203C937E00DD2972 /* CustomFocusableViewType.swift in Sources */ = {isa = PBXBuildFile; fileRef = AD7ED5A4203C937E00DD2972 /* CustomFocusableViewType.swift */; };
		AD7ED5A9203C937E00DD2972 /* CustomFocusableButton.swift in Sources */ = {isa = PBXBuildFile; fileRef = AD7ED5A5203C937E00DD2972 /* CustomFocusableButton.swift */; };
		AD7ED5AA203C937E00DD2972 /* CustomFocusEffectCoordinator.swift in Sources */ = {isa = PBXBuildFile; fileRef = AD7ED5A6203C937E00DD2972 /* CustomFocusEffectCoordinator.swift */; };
		AD7ED5AB203C937E00DD2972 /* ParallaxStyle.swift in Sources */ = {isa = PBXBuildFile; fileRef = AD7ED5A7203C937E00DD2972 /* ParallaxStyle.swift */; };
		AD9DF2EE20361F250040A7FD /* AppDelegate.swift in Sources */ = {isa = PBXBuildFile; fileRef = AD9DF2ED20361F250040A7FD /* AppDelegate.swift */; };
		AD9DF2F020361F250040A7FD /* MainViewController.swift in Sources */ = {isa = PBXBuildFile; fileRef = AD9DF2EF20361F250040A7FD /* MainViewController.swift */; };
		AD9DF2F320361F250040A7FD /* tvOS_app.xcdatamodeld in Sources */ = {isa = PBXBuildFile; fileRef = AD9DF2F120361F250040A7FD /* tvOS_app.xcdatamodeld */; };
		AD9DF2F620361F250040A7FD /* Main.storyboard in Resources */ = {isa = PBXBuildFile; fileRef = AD9DF2F420361F250040A7FD /* Main.storyboard */; };
		AD9DF2F820361F250040A7FD /* Assets.xcassets in Resources */ = {isa = PBXBuildFile; fileRef = AD9DF2F720361F250040A7FD /* Assets.xcassets */; };
		ADB5691F203B2BB400E0FB4B /* VideoViewController.swift in Sources */ = {isa = PBXBuildFile; fileRef = ADB5691E203B2BB400E0FB4B /* VideoViewController.swift */; };
		ADB56923203BBDDD00E0FB4B /* Elastic.swift in Sources */ = {isa = PBXBuildFile; fileRef = ADB56922203BBDDD00E0FB4B /* Elastic.swift */; };
		ADB6A8D520473CA600620682 /* StandardGradientLayer.swift in Sources */ = {isa = PBXBuildFile; fileRef = ADB6A8D420473CA600620682 /* StandardGradientLayer.swift */; };
		ADB6A8D720476F8100620682 /* VerticalMenuView.swift in Sources */ = {isa = PBXBuildFile; fileRef = ADB6A8D620476F8100620682 /* VerticalMenuView.swift */; };
		ADBEA19320368BCE00E93E6C /* StandardButton.swift in Sources */ = {isa = PBXBuildFile; fileRef = ADBEA19220368BCE00E93E6C /* StandardButton.swift */; };
		ADBEA19520371F9C00E93E6C /* Mentor.swift in Sources */ = {isa = PBXBuildFile; fileRef = ADBEA19420371F9C00E93E6C /* Mentor.swift */; };
		ADBEA197203722CF00E93E6C /* LoopViewController.swift in Sources */ = {isa = PBXBuildFile; fileRef = ADBEA196203722CF00E93E6C /* LoopViewController.swift */; };
		ADBEA1992037232900E93E6C /* WeekView.swift in Sources */ = {isa = PBXBuildFile; fileRef = ADBEA1982037232900E93E6C /* WeekView.swift */; };
		ADBEA19B2037234E00E93E6C /* DayView.swift in Sources */ = {isa = PBXBuildFile; fileRef = ADBEA19A2037234E00E93E6C /* DayView.swift */; };
/* End PBXBuildFile section */

/* Begin PBXFileReference section */
		AD379661203DCF96002A4C3B /* DayTitleView.swift */ = {isa = PBXFileReference; lastKnownFileType = sourcecode.swift; path = DayTitleView.swift; sourceTree = "<group>"; };
		AD379664203DFB7F002A4C3B /* SlideView.swift */ = {isa = PBXFileReference; lastKnownFileType = sourcecode.swift; path = SlideView.swift; sourceTree = "<group>"; };
		AD7ED5A4203C937E00DD2972 /* CustomFocusableViewType.swift */ = {isa = PBXFileReference; fileEncoding = 4; lastKnownFileType = sourcecode.swift; path = CustomFocusableViewType.swift; sourceTree = "<group>"; };
		AD7ED5A5203C937E00DD2972 /* CustomFocusableButton.swift */ = {isa = PBXFileReference; fileEncoding = 4; lastKnownFileType = sourcecode.swift; path = CustomFocusableButton.swift; sourceTree = "<group>"; };
		AD7ED5A6203C937E00DD2972 /* CustomFocusEffectCoordinator.swift */ = {isa = PBXFileReference; fileEncoding = 4; lastKnownFileType = sourcecode.swift; path = CustomFocusEffectCoordinator.swift; sourceTree = "<group>"; };
		AD7ED5A7203C937E00DD2972 /* ParallaxStyle.swift */ = {isa = PBXFileReference; fileEncoding = 4; lastKnownFileType = sourcecode.swift; path = ParallaxStyle.swift; sourceTree = "<group>"; };
		AD9DF2EA20361F250040A7FD /* tvOS-app.app */ = {isa = PBXFileReference; explicitFileType = wrapper.application; includeInIndex = 0; path = "tvOS-app.app"; sourceTree = BUILT_PRODUCTS_DIR; };
		AD9DF2ED20361F250040A7FD /* AppDelegate.swift */ = {isa = PBXFileReference; lastKnownFileType = sourcecode.swift; path = AppDelegate.swift; sourceTree = "<group>"; };
		AD9DF2EF20361F250040A7FD /* MainViewController.swift */ = {isa = PBXFileReference; lastKnownFileType = sourcecode.swift; path = MainViewController.swift; sourceTree = "<group>"; };
		AD9DF2F220361F250040A7FD /* tvOS_app.xcdatamodel */ = {isa = PBXFileReference; lastKnownFileType = wrapper.xcdatamodel; path = tvOS_app.xcdatamodel; sourceTree = "<group>"; };
		AD9DF2F520361F250040A7FD /* Base */ = {isa = PBXFileReference; lastKnownFileType = file.storyboard; name = Base; path = Base.lproj/Main.storyboard; sourceTree = "<group>"; };
		AD9DF2F720361F250040A7FD /* Assets.xcassets */ = {isa = PBXFileReference; lastKnownFileType = folder.assetcatalog; path = Assets.xcassets; sourceTree = "<group>"; };
		AD9DF2F920361F250040A7FD /* Info.plist */ = {isa = PBXFileReference; lastKnownFileType = text.plist.xml; path = Info.plist; sourceTree = "<group>"; };
		ADB5691E203B2BB400E0FB4B /* VideoViewController.swift */ = {isa = PBXFileReference; lastKnownFileType = sourcecode.swift; path = VideoViewController.swift; sourceTree = "<group>"; };
		ADB56922203BBDDD00E0FB4B /* Elastic.swift */ = {isa = PBXFileReference; lastKnownFileType = sourcecode.swift; path = Elastic.swift; sourceTree = "<group>"; };
		ADB6A8D420473CA600620682 /* StandardGradientLayer.swift */ = {isa = PBXFileReference; lastKnownFileType = sourcecode.swift; path = StandardGradientLayer.swift; sourceTree = "<group>"; };
		ADB6A8D620476F8100620682 /* VerticalMenuView.swift */ = {isa = PBXFileReference; lastKnownFileType = sourcecode.swift; path = VerticalMenuView.swift; sourceTree = "<group>"; };
		ADBEA19220368BCE00E93E6C /* StandardButton.swift */ = {isa = PBXFileReference; lastKnownFileType = sourcecode.swift; path = StandardButton.swift; sourceTree = "<group>"; };
		ADBEA19420371F9C00E93E6C /* Mentor.swift */ = {isa = PBXFileReference; lastKnownFileType = sourcecode.swift; path = Mentor.swift; sourceTree = "<group>"; };
		ADBEA196203722CF00E93E6C /* LoopViewController.swift */ = {isa = PBXFileReference; lastKnownFileType = sourcecode.swift; path = LoopViewController.swift; sourceTree = "<group>"; };
		ADBEA1982037232900E93E6C /* WeekView.swift */ = {isa = PBXFileReference; lastKnownFileType = sourcecode.swift; path = WeekView.swift; sourceTree = "<group>"; };
		ADBEA19A2037234E00E93E6C /* DayView.swift */ = {isa = PBXFileReference; lastKnownFileType = sourcecode.swift; path = DayView.swift; sourceTree = "<group>"; };
/* End PBXFileReference section */

/* Begin PBXFrameworksBuildPhase section */
		AD9DF2E720361F250040A7FD /* Frameworks */ = {
			isa = PBXFrameworksBuildPhase;
			buildActionMask = 2147483647;
			files = (
			);
			runOnlyForDeploymentPostprocessing = 0;
		};
/* End PBXFrameworksBuildPhase section */

/* Begin PBXGroup section */
		AD379663203DCFB0002A4C3B /* DayView */ = {
			isa = PBXGroup;
			children = (
				ADBEA19A2037234E00E93E6C /* DayView.swift */,
				AD379661203DCF96002A4C3B /* DayTitleView.swift */,
			);
			path = DayView;
			sourceTree = "<group>";
		};
		AD379666203E079E002A4C3B /* WeekView */ = {
			isa = PBXGroup;
			children = (
				ADBEA1982037232900E93E6C /* WeekView.swift */,
				AD379663203DCFB0002A4C3B /* DayView */,
			);
			path = WeekView;
			sourceTree = "<group>";
		};
		AD379667203E2D6D002A4C3B /* Extras */ = {
			isa = PBXGroup;
			children = (
				AD7ED5AC203C938B00DD2972 /* CustomFocusEffect */,
				ADB56922203BBDDD00E0FB4B /* Elastic.swift */,
			);
			path = Extras;
			sourceTree = "<group>";
		};
		AD7ED5AC203C938B00DD2972 /* CustomFocusEffect */ = {
			isa = PBXGroup;
			children = (
				AD7ED5A5203C937E00DD2972 /* CustomFocusableButton.swift */,
				AD7ED5A4203C937E00DD2972 /* CustomFocusableViewType.swift */,
				AD7ED5A6203C937E00DD2972 /* CustomFocusEffectCoordinator.swift */,
				AD7ED5A7203C937E00DD2972 /* ParallaxStyle.swift */,
			);
			path = CustomFocusEffect;
			sourceTree = "<group>";
		};
		AD9DF2E120361F250040A7FD = {
			isa = PBXGroup;
			children = (
				AD9DF2EC20361F250040A7FD /* tvOS-app */,
				AD9DF2EB20361F250040A7FD /* Products */,
			);
			sourceTree = "<group>";
		};
		AD9DF2EB20361F250040A7FD /* Products */ = {
			isa = PBXGroup;
			children = (
				AD9DF2EA20361F250040A7FD /* tvOS-app.app */,
			);
			name = Products;
			sourceTree = "<group>";
		};
		AD9DF2EC20361F250040A7FD /* tvOS-app */ = {
			isa = PBXGroup;
			children = (
				AD9DF2ED20361F250040A7FD /* AppDelegate.swift */,
				AD9DF2EF20361F250040A7FD /* MainViewController.swift */,
				ADB6A8D620476F8100620682 /* VerticalMenuView.swift */,
				ADB56920203B2BC300E0FB4B /* LoopViewController */,
				ADB56921203B2BCE00E0FB4B /* VideoViewController */,
				AD379667203E2D6D002A4C3B /* Extras */,
				ADBEA19420371F9C00E93E6C /* Mentor.swift */,
				ADBEA19220368BCE00E93E6C /* StandardButton.swift */,
				ADB6A8D420473CA600620682 /* StandardGradientLayer.swift */,
				AD9DF2F420361F250040A7FD /* Main.storyboard */,
				AD9DF2F720361F250040A7FD /* Assets.xcassets */,
				AD9DF2F920361F250040A7FD /* Info.plist */,
				AD9DF2F120361F250040A7FD /* tvOS_app.xcdatamodeld */,
			);
			path = "tvOS-app";
			sourceTree = "<group>";
		};
		ADB56920203B2BC300E0FB4B /* LoopViewController */ = {
			isa = PBXGroup;
			children = (
				ADBEA196203722CF00E93E6C /* LoopViewController.swift */,
				AD379664203DFB7F002A4C3B /* SlideView.swift */,
				AD379666203E079E002A4C3B /* WeekView */,
			);
			path = LoopViewController;
			sourceTree = "<group>";
		};
		ADB56921203B2BCE00E0FB4B /* VideoViewController */ = {
			isa = PBXGroup;
			children = (
				ADB5691E203B2BB400E0FB4B /* VideoViewController.swift */,
			);
			path = VideoViewController;
			sourceTree = "<group>";
		};
/* End PBXGroup section */

/* Begin PBXNativeTarget section */
		AD9DF2E920361F250040A7FD /* tvOS-app */ = {
			isa = PBXNativeTarget;
			buildConfigurationList = AD9DF2FC20361F250040A7FD /* Build configuration list for PBXNativeTarget "tvOS-app" */;
			buildPhases = (
				AD9DF2E620361F250040A7FD /* Sources */,
				AD9DF2E720361F250040A7FD /* Frameworks */,
				AD9DF2E820361F250040A7FD /* Resources */,
			);
			buildRules = (
			);
			dependencies = (
			);
			name = "tvOS-app";
			productName = "tvOS-app";
			productReference = AD9DF2EA20361F250040A7FD /* tvOS-app.app */;
			productType = "com.apple.product-type.application";
		};
/* End PBXNativeTarget section */

/* Begin PBXProject section */
		AD9DF2E220361F250040A7FD /* Project object */ = {
			isa = PBXProject;
			attributes = {
				LastSwiftUpdateCheck = 0920;
				LastUpgradeCheck = 0920;
				ORGANIZATIONNAME = "Michael Edenzon";
				TargetAttributes = {
					AD9DF2E920361F250040A7FD = {
						CreatedOnToolsVersion = 9.2;
						ProvisioningStyle = Automatic;
					};
				};
			};
			buildConfigurationList = AD9DF2E520361F250040A7FD /* Build configuration list for PBXProject "tvOS-app" */;
			compatibilityVersion = "Xcode 8.0";
			developmentRegion = en;
			hasScannedForEncodings = 0;
			knownRegions = (
				en,
				Base,
			);
			mainGroup = AD9DF2E120361F250040A7FD;
			productRefGroup = AD9DF2EB20361F250040A7FD /* Products */;
			projectDirPath = "";
			projectRoot = "";
			targets = (
				AD9DF2E920361F250040A7FD /* tvOS-app */,
			);
		};
/* End PBXProject section */

/* Begin PBXResourcesBuildPhase section */
		AD9DF2E820361F250040A7FD /* Resources */ = {
			isa = PBXResourcesBuildPhase;
			buildActionMask = 2147483647;
			files = (
				AD9DF2F820361F250040A7FD /* Assets.xcassets in Resources */,
				AD9DF2F620361F250040A7FD /* Main.storyboard in Resources */,
			);
			runOnlyForDeploymentPostprocessing = 0;
		};
/* End PBXResourcesBuildPhase section */

/* Begin PBXSourcesBuildPhase section */
		AD9DF2E620361F250040A7FD /* Sources */ = {
			isa = PBXSourcesBuildPhase;
			buildActionMask = 2147483647;
			files = (
				ADBEA197203722CF00E93E6C /* LoopViewController.swift in Sources */,
				ADBEA19B2037234E00E93E6C /* DayView.swift in Sources */,
				ADB5691F203B2BB400E0FB4B /* VideoViewController.swift in Sources */,
				ADB6A8D520473CA600620682 /* StandardGradientLayer.swift in Sources */,
				ADB56923203BBDDD00E0FB4B /* Elastic.swift in Sources */,
				AD7ED5AB203C937E00DD2972 /* ParallaxStyle.swift in Sources */,
				ADB6A8D720476F8100620682 /* VerticalMenuView.swift in Sources */,
				AD9DF2F020361F250040A7FD /* MainViewController.swift in Sources */,
				AD379665203DFB7F002A4C3B /* SlideView.swift in Sources */,
				AD7ED5A9203C937E00DD2972 /* CustomFocusableButton.swift in Sources */,
				AD9DF2EE20361F250040A7FD /* AppDelegate.swift in Sources */,
				ADBEA1992037232900E93E6C /* WeekView.swift in Sources */,
				AD9DF2F320361F250040A7FD /* tvOS_app.xcdatamodeld in Sources */,
				AD7ED5A8203C937E00DD2972 /* CustomFocusableViewType.swift in Sources */,
				AD379662203DCF96002A4C3B /* DayTitleView.swift in Sources */,
				ADBEA19520371F9C00E93E6C /* Mentor.swift in Sources */,
				AD7ED5AA203C937E00DD2972 /* CustomFocusEffectCoordinator.swift in Sources */,
				ADBEA19320368BCE00E93E6C /* StandardButton.swift in Sources */,
			);
			runOnlyForDeploymentPostprocessing = 0;
		};
/* End PBXSourcesBuildPhase section */

/* Begin PBXVariantGroup section */
		AD9DF2F420361F250040A7FD /* Main.storyboard */ = {
			isa = PBXVariantGroup;
			children = (
				AD9DF2F520361F250040A7FD /* Base */,
			);
			name = Main.storyboard;
			sourceTree = "<group>";
		};
/* End PBXVariantGroup section */

/* Begin XCBuildConfiguration section */
		AD9DF2FA20361F250040A7FD /* Debug */ = {
			isa = XCBuildConfiguration;
			buildSettings = {
				ALWAYS_SEARCH_USER_PATHS = NO;
				CLANG_ANALYZER_NONNULL = YES;
				CLANG_ANALYZER_NUMBER_OBJECT_CONVERSION = YES_AGGRESSIVE;
				CLANG_CXX_LANGUAGE_STANDARD = "gnu++14";
				CLANG_CXX_LIBRARY = "libc++";
				CLANG_ENABLE_MODULES = YES;
				CLANG_ENABLE_OBJC_ARC = YES;
				CLANG_WARN_BLOCK_CAPTURE_AUTORELEASING = YES;
				CLANG_WARN_BOOL_CONVERSION = YES;
				CLANG_WARN_COMMA = YES;
				CLANG_WARN_CONSTANT_CONVERSION = YES;
				CLANG_WARN_DIRECT_OBJC_ISA_USAGE = YES_ERROR;
				CLANG_WARN_DOCUMENTATION_COMMENTS = YES;
				CLANG_WARN_EMPTY_BODY = YES;
				CLANG_WARN_ENUM_CONVERSION = YES;
				CLANG_WARN_INFINITE_RECURSION = YES;
				CLANG_WARN_INT_CONVERSION = YES;
				CLANG_WARN_NON_LITERAL_NULL_CONVERSION = YES;
				CLANG_WARN_OBJC_LITERAL_CONVERSION = YES;
				CLANG_WARN_OBJC_ROOT_CLASS = YES_ERROR;
				CLANG_WARN_RANGE_LOOP_ANALYSIS = YES;
				CLANG_WARN_STRICT_PROTOTYPES = YES;
				CLANG_WARN_SUSPICIOUS_MOVE = YES;
				CLANG_WARN_UNGUARDED_AVAILABILITY = YES_AGGRESSIVE;
				CLANG_WARN_UNREACHABLE_CODE = YES;
				CLANG_WARN__DUPLICATE_METHOD_MATCH = YES;
				COPY_PHASE_STRIP = NO;
				DEBUG_INFORMATION_FORMAT = dwarf;
				ENABLE_STRICT_OBJC_MSGSEND = YES;
				ENABLE_TESTABILITY = YES;
				GCC_C_LANGUAGE_STANDARD = gnu11;
				GCC_DYNAMIC_NO_PIC = NO;
				GCC_NO_COMMON_BLOCKS = YES;
				GCC_OPTIMIZATION_LEVEL = 0;
				GCC_PREPROCESSOR_DEFINITIONS = (
					"DEBUG=1",
					"$(inherited)",
				);
				GCC_WARN_64_TO_32_BIT_CONVERSION = YES;
				GCC_WARN_ABOUT_RETURN_TYPE = YES_ERROR;
				GCC_WARN_UNDECLARED_SELECTOR = YES;
				GCC_WARN_UNINITIALIZED_AUTOS = YES_AGGRESSIVE;
				GCC_WARN_UNUSED_FUNCTION = YES;
				GCC_WARN_UNUSED_VARIABLE = YES;
				MTL_ENABLE_DEBUG_INFO = YES;
				ONLY_ACTIVE_ARCH = YES;
				SDKROOT = appletvos;
				SWIFT_ACTIVE_COMPILATION_CONDITIONS = DEBUG;
				SWIFT_OPTIMIZATION_LEVEL = "-Onone";
				TVOS_DEPLOYMENT_TARGET = 11.2;
			};
			name = Debug;
		};
		AD9DF2FB20361F250040A7FD /* Release */ = {
			isa = XCBuildConfiguration;
			buildSettings = {
				ALWAYS_SEARCH_USER_PATHS = NO;
				CLANG_ANALYZER_NONNULL = YES;
				CLANG_ANALYZER_NUMBER_OBJECT_CONVERSION = YES_AGGRESSIVE;
				CLANG_CXX_LANGUAGE_STANDARD = "gnu++14";
				CLANG_CXX_LIBRARY = "libc++";
				CLANG_ENABLE_MODULES = YES;
				CLANG_ENABLE_OBJC_ARC = YES;
				CLANG_WARN_BLOCK_CAPTURE_AUTORELEASING = YES;
				CLANG_WARN_BOOL_CONVERSION = YES;
				CLANG_WARN_COMMA = YES;
				CLANG_WARN_CONSTANT_CONVERSION = YES;
				CLANG_WARN_DIRECT_OBJC_ISA_USAGE = YES_ERROR;
				CLANG_WARN_DOCUMENTATION_COMMENTS = YES;
				CLANG_WARN_EMPTY_BODY = YES;
				CLANG_WARN_ENUM_CONVERSION = YES;
				CLANG_WARN_INFINITE_RECURSION = YES;
				CLANG_WARN_INT_CONVERSION = YES;
				CLANG_WARN_NON_LITERAL_NULL_CONVERSION = YES;
				CLANG_WARN_OBJC_LITERAL_CONVERSION = YES;
				CLANG_WARN_OBJC_ROOT_CLASS = YES_ERROR;
				CLANG_WARN_RANGE_LOOP_ANALYSIS = YES;
				CLANG_WARN_STRICT_PROTOTYPES = YES;
				CLANG_WARN_SUSPICIOUS_MOVE = YES;
				CLANG_WARN_UNGUARDED_AVAILABILITY = YES_AGGRESSIVE;
				CLANG_WARN_UNREACHABLE_CODE = YES;
				CLANG_WARN__DUPLICATE_METHOD_MATCH = YES;
				COPY_PHASE_STRIP = NO;
				DEBUG_INFORMATION_FORMAT = "dwarf-with-dsym";
				ENABLE_NS_ASSERTIONS = NO;
				ENABLE_STRICT_OBJC_MSGSEND = YES;
				GCC_C_LANGUAGE_STANDARD = gnu11;
				GCC_NO_COMMON_BLOCKS = YES;
				GCC_WARN_64_TO_32_BIT_CONVERSION = YES;
				GCC_WARN_ABOUT_RETURN_TYPE = YES_ERROR;
				GCC_WARN_UNDECLARED_SELECTOR = YES;
				GCC_WARN_UNINITIALIZED_AUTOS = YES_AGGRESSIVE;
				GCC_WARN_UNUSED_FUNCTION = YES;
				GCC_WARN_UNUSED_VARIABLE = YES;
				MTL_ENABLE_DEBUG_INFO = NO;
				SDKROOT = appletvos;
				SWIFT_OPTIMIZATION_LEVEL = "-Owholemodule";
				TVOS_DEPLOYMENT_TARGET = 11.2;
				VALIDATE_PRODUCT = YES;
			};
			name = Release;
		};
		AD9DF2FD20361F250040A7FD /* Debug */ = {
			isa = XCBuildConfiguration;
			buildSettings = {
				ASSETCATALOG_COMPILER_APPICON_NAME = "App Icon & Top Shelf Image";
				ASSETCATALOG_COMPILER_LAUNCHIMAGE_NAME = LaunchImage;
				CODE_SIGN_STYLE = Automatic;
				DEVELOPMENT_TEAM = "";
				INFOPLIST_FILE = "tvOS-app/Info.plist";
				LD_RUNPATH_SEARCH_PATHS = "$(inherited) @executable_path/Frameworks";
				PRODUCT_BUNDLE_IDENTIFIER = "michaeledenzon.tvOS-app";
				PRODUCT_NAME = "$(TARGET_NAME)";
				SWIFT_VERSION = 4.0;
				TARGETED_DEVICE_FAMILY = 3;
			};
			name = Debug;
		};
		AD9DF2FE20361F250040A7FD /* Release */ = {
			isa = XCBuildConfiguration;
			buildSettings = {
				ASSETCATALOG_COMPILER_APPICON_NAME = "App Icon & Top Shelf Image";
				ASSETCATALOG_COMPILER_LAUNCHIMAGE_NAME = LaunchImage;
				CODE_SIGN_STYLE = Automatic;
				DEVELOPMENT_TEAM = "";
				INFOPLIST_FILE = "tvOS-app/Info.plist";
				LD_RUNPATH_SEARCH_PATHS = "$(inherited) @executable_path/Frameworks";
				PRODUCT_BUNDLE_IDENTIFIER = "michaeledenzon.tvOS-app";
				PRODUCT_NAME = "$(TARGET_NAME)";
				SWIFT_VERSION = 4.0;
				TARGETED_DEVICE_FAMILY = 3;
			};
			name = Release;
		};
/* End XCBuildConfiguration section */

/* Begin XCConfigurationList section */
		AD9DF2E520361F250040A7FD /* Build configuration list for PBXProject "tvOS-app" */ = {
			isa = XCConfigurationList;
			buildConfigurations = (
				AD9DF2FA20361F250040A7FD /* Debug */,
				AD9DF2FB20361F250040A7FD /* Release */,
			);
			defaultConfigurationIsVisible = 0;
			defaultConfigurationName = Release;
		};
		AD9DF2FC20361F250040A7FD /* Build configuration list for PBXNativeTarget "tvOS-app" */ = {
			isa = XCConfigurationList;
			buildConfigurations = (
				AD9DF2FD20361F250040A7FD /* Debug */,
				AD9DF2FE20361F250040A7FD /* Release */,
			);
			defaultConfigurationIsVisible = 0;
			defaultConfigurationName = Release;
		};
/* End XCConfigurationList section */

/* Begin XCVersionGroup section */
		AD9DF2F120361F250040A7FD /* tvOS_app.xcdatamodeld */ = {
			isa = XCVersionGroup;
			children = (
				AD9DF2F220361F250040A7FD /* tvOS_app.xcdatamodel */,
			);
			currentVersion = AD9DF2F220361F250040A7FD /* tvOS_app.xcdatamodel */;
			path = tvOS_app.xcdatamodeld;
			sourceTree = "<group>";
			versionGroupType = wrapper.xcdatamodel;
		};
/* End XCVersionGroup section */
	};
	rootObject = AD9DF2E220361F250040A7FD /* Project object */;
}
